// !$*UTF8*$!
{
	archiveVersion = 1;
	classes = {
	};
	objectVersion = 51;
	objects = {

/* Begin PBXBuildFile section */
		1AA8722D247461F3005DADDA /* CLLocationCoordinate2D.swift in Sources */ = {isa = PBXBuildFile; fileRef = 1AA8722C247461F3005DADDA /* CLLocationCoordinate2D.swift */; };
		7EDAE179439A1FE868E5AAA0 /* Pods_Favourite_places.framework in Frameworks */ = {isa = PBXBuildFile; fileRef = 3668F7689EF9EC6984343543 /* Pods_Favourite_places.framework */; };
		810A71122470209F0055E5F1 /* CustomTableViewCell.swift in Sources */ = {isa = PBXBuildFile; fileRef = 810A71102470209F0055E5F1 /* CustomTableViewCell.swift */; };
		810A71132470209F0055E5F1 /* CustomTableViewCell.xib in Resources */ = {isa = PBXBuildFile; fileRef = 810A71112470209F0055E5F1 /* CustomTableViewCell.xib */; };
		810FC8C5246D6470006326D3 /* GMUWrappingDictionaryKey.m in Sources */ = {isa = PBXBuildFile; fileRef = 810FC8A8246D646C006326D3 /* GMUWrappingDictionaryKey.m */; };
		810FC8C6246D6470006326D3 /* GMUStaticCluster.m in Sources */ = {isa = PBXBuildFile; fileRef = 810FC8AF246D646E006326D3 /* GMUStaticCluster.m */; };
		810FC8C7246D6470006326D3 /* GMUDefaultClusterRenderer.m in Sources */ = {isa = PBXBuildFile; fileRef = 810FC8B2246D646E006326D3 /* GMUDefaultClusterRenderer.m */; };
		810FC8C8246D6470006326D3 /* GMUNonHierarchicalDistanceBasedAlgorithm.m in Sources */ = {isa = PBXBuildFile; fileRef = 810FC8B5246D646E006326D3 /* GMUNonHierarchicalDistanceBasedAlgorithm.m */; };
		810FC8C9246D6470006326D3 /* GMUClusterManager.m in Sources */ = {isa = PBXBuildFile; fileRef = 810FC8B6246D646E006326D3 /* GMUClusterManager.m */; };
		810FC8CA246D6470006326D3 /* GMUSimpleClusterAlgorithm.m in Sources */ = {isa = PBXBuildFile; fileRef = 810FC8B7246D646F006326D3 /* GMUSimpleClusterAlgorithm.m */; };
		810FC8CB246D6470006326D3 /* GMUDefaultClusterIconGenerator.m in Sources */ = {isa = PBXBuildFile; fileRef = 810FC8BB246D646F006326D3 /* GMUDefaultClusterIconGenerator.m */; };
		810FC8CC246D6471006326D3 /* GQTPointQuadTreeChild.m in Sources */ = {isa = PBXBuildFile; fileRef = 810FC8BC246D646F006326D3 /* GQTPointQuadTreeChild.m */; };
		810FC8CD246D6471006326D3 /* GQTPointQuadTree.m in Sources */ = {isa = PBXBuildFile; fileRef = 810FC8BF246D6470006326D3 /* GQTPointQuadTree.m */; };
		810FC8CE246D6471006326D3 /* GMUGridBasedClusterAlgorithm.m in Sources */ = {isa = PBXBuildFile; fileRef = 810FC8C0246D6470006326D3 /* GMUGridBasedClusterAlgorithm.m */; };
		810FC8D1246D67BA006326D3 /* MapController.swift in Sources */ = {isa = PBXBuildFile; fileRef = 810FC8D0246D67BA006326D3 /* MapController.swift */; };
		810FC8D4246D6999006326D3 /* LocationManager.swift in Sources */ = {isa = PBXBuildFile; fileRef = 810FC8D3246D6999006326D3 /* LocationManager.swift */; };
		810FC8D7246D7A65006326D3 /* RequestManager.swift in Sources */ = {isa = PBXBuildFile; fileRef = 810FC8D6246D7A65006326D3 /* RequestManager.swift */; };
		810FC8DE246DD0F5006326D3 /* AddMarkerViewController.swift in Sources */ = {isa = PBXBuildFile; fileRef = 810FC8DC246DD0F5006326D3 /* AddMarkerViewController.swift */; };
		810FC8DF246DD0F5006326D3 /* AddMarkerViewController.xib in Resources */ = {isa = PBXBuildFile; fileRef = 810FC8DD246DD0F5006326D3 /* AddMarkerViewController.xib */; };
		8173D102246D23120093B44A /* AppDelegate.swift in Sources */ = {isa = PBXBuildFile; fileRef = 8173D101246D23120093B44A /* AppDelegate.swift */; };
		8173D104246D23120093B44A /* SceneDelegate.swift in Sources */ = {isa = PBXBuildFile; fileRef = 8173D103246D23120093B44A /* SceneDelegate.swift */; };
		8173D106246D23120093B44A /* MapViewController.swift in Sources */ = {isa = PBXBuildFile; fileRef = 8173D105246D23120093B44A /* MapViewController.swift */; };
		8173D109246D23120093B44A /* Main.storyboard in Resources */ = {isa = PBXBuildFile; fileRef = 8173D107246D23120093B44A /* Main.storyboard */; };
		8173D10C246D23120093B44A /* Favourite_places.xcdatamodeld in Sources */ = {isa = PBXBuildFile; fileRef = 8173D10A246D23120093B44A /* Favourite_places.xcdatamodeld */; };
		8173D10E246D23140093B44A /* Assets.xcassets in Resources */ = {isa = PBXBuildFile; fileRef = 8173D10D246D23140093B44A /* Assets.xcassets */; };
		8173D111246D23140093B44A /* LaunchScreen.storyboard in Resources */ = {isa = PBXBuildFile; fileRef = 8173D10F246D23140093B44A /* LaunchScreen.storyboard */; };
		81955F29246D324100CC1AC2 /* APIKey.swift in Sources */ = {isa = PBXBuildFile; fileRef = 81955F28246D324100CC1AC2 /* APIKey.swift */; };
		81955F2D246D335000CC1AC2 /* PlaceModel.swift in Sources */ = {isa = PBXBuildFile; fileRef = 81955F2C246D335000CC1AC2 /* PlaceModel.swift */; };
		81955F30246D33BB00CC1AC2 /* MapMarker.swift in Sources */ = {isa = PBXBuildFile; fileRef = 81955F2F246D33BB00CC1AC2 /* MapMarker.swift */; };
/* End PBXBuildFile section */

/* Begin PBXFileReference section */
		11EB8E783F49B1F7E10852CD /* Pods-Favourite places.debug.xcconfig */ = {isa = PBXFileReference; includeInIndex = 1; lastKnownFileType = text.xcconfig; name = "Pods-Favourite places.debug.xcconfig"; path = "Target Support Files/Pods-Favourite places/Pods-Favourite places.debug.xcconfig"; sourceTree = "<group>"; };
		1AA8722C247461F3005DADDA /* CLLocationCoordinate2D.swift */ = {isa = PBXFileReference; lastKnownFileType = sourcecode.swift; path = CLLocationCoordinate2D.swift; sourceTree = "<group>"; };
		3668F7689EF9EC6984343543 /* Pods_Favourite_places.framework */ = {isa = PBXFileReference; explicitFileType = wrapper.framework; includeInIndex = 0; path = Pods_Favourite_places.framework; sourceTree = BUILT_PRODUCTS_DIR; };
		40A8F5AB4D17FA1DB442B320 /* Pods-Favourite places.release.xcconfig */ = {isa = PBXFileReference; includeInIndex = 1; lastKnownFileType = text.xcconfig; name = "Pods-Favourite places.release.xcconfig"; path = "Target Support Files/Pods-Favourite places/Pods-Favourite places.release.xcconfig"; sourceTree = "<group>"; };
		810A71102470209F0055E5F1 /* CustomTableViewCell.swift */ = {isa = PBXFileReference; lastKnownFileType = sourcecode.swift; path = CustomTableViewCell.swift; sourceTree = "<group>"; };
		810A71112470209F0055E5F1 /* CustomTableViewCell.xib */ = {isa = PBXFileReference; lastKnownFileType = file.xib; path = CustomTableViewCell.xib; sourceTree = "<group>"; };
		810FC8A3246D646B006326D3 /* Favourite places-Bridging-Header.h */ = {isa = PBXFileReference; lastKnownFileType = sourcecode.c.h; path = "Favourite places-Bridging-Header.h"; sourceTree = "<group>"; };
		810FC8A4246D646C006326D3 /* GQTPoint.h */ = {isa = PBXFileReference; fileEncoding = 4; lastKnownFileType = sourcecode.c.h; path = GQTPoint.h; sourceTree = "<group>"; };
		810FC8A5246D646C006326D3 /* GMUStaticCluster.h */ = {isa = PBXFileReference; fileEncoding = 4; lastKnownFileType = sourcecode.c.h; path = GMUStaticCluster.h; sourceTree = "<group>"; };
		810FC8A6246D646C006326D3 /* MapGuide-Bridging-Header.h */ = {isa = PBXFileReference; fileEncoding = 4; lastKnownFileType = sourcecode.c.h; path = "MapGuide-Bridging-Header.h"; sourceTree = "<group>"; };
		810FC8A7246D646C006326D3 /* GQTBounds.h */ = {isa = PBXFileReference; fileEncoding = 4; lastKnownFileType = sourcecode.c.h; path = GQTBounds.h; sourceTree = "<group>"; };
		810FC8A8246D646C006326D3 /* GMUWrappingDictionaryKey.m */ = {isa = PBXFileReference; fileEncoding = 4; lastKnownFileType = sourcecode.c.objc; path = GMUWrappingDictionaryKey.m; sourceTree = "<group>"; };
		810FC8A9246D646D006326D3 /* GMUNonHierarchicalDistanceBasedAlgorithm.h */ = {isa = PBXFileReference; fileEncoding = 4; lastKnownFileType = sourcecode.c.h; path = GMUNonHierarchicalDistanceBasedAlgorithm.h; sourceTree = "<group>"; };
		810FC8AA246D646D006326D3 /* GMUClusterManager.h */ = {isa = PBXFileReference; fileEncoding = 4; lastKnownFileType = sourcecode.c.h; path = GMUClusterManager.h; sourceTree = "<group>"; };
		810FC8AB246D646D006326D3 /* GMUClusterIconGenerator.h */ = {isa = PBXFileReference; fileEncoding = 4; lastKnownFileType = sourcecode.c.h; path = GMUClusterIconGenerator.h; sourceTree = "<group>"; };
		810FC8AC246D646D006326D3 /* GMUGridBasedClusterAlgorithm.h */ = {isa = PBXFileReference; fileEncoding = 4; lastKnownFileType = sourcecode.c.h; path = GMUGridBasedClusterAlgorithm.h; sourceTree = "<group>"; };
		810FC8AD246D646D006326D3 /* GMUCluster.h */ = {isa = PBXFileReference; fileEncoding = 4; lastKnownFileType = sourcecode.c.h; path = GMUCluster.h; sourceTree = "<group>"; };
		810FC8AE246D646D006326D3 /* GQTPointQuadTreeChild.h */ = {isa = PBXFileReference; fileEncoding = 4; lastKnownFileType = sourcecode.c.h; path = GQTPointQuadTreeChild.h; sourceTree = "<group>"; };
		810FC8AF246D646E006326D3 /* GMUStaticCluster.m */ = {isa = PBXFileReference; fileEncoding = 4; lastKnownFileType = sourcecode.c.objc; path = GMUStaticCluster.m; sourceTree = "<group>"; };
		810FC8B0246D646E006326D3 /* GMUDefaultClusterIconGenerator+Testing.h */ = {isa = PBXFileReference; fileEncoding = 4; lastKnownFileType = sourcecode.c.h; path = "GMUDefaultClusterIconGenerator+Testing.h"; sourceTree = "<group>"; };
		810FC8B1246D646E006326D3 /* GMUDefaultClusterRenderer.h */ = {isa = PBXFileReference; fileEncoding = 4; lastKnownFileType = sourcecode.c.h; path = GMUDefaultClusterRenderer.h; sourceTree = "<group>"; };
		810FC8B2246D646E006326D3 /* GMUDefaultClusterRenderer.m */ = {isa = PBXFileReference; fileEncoding = 4; lastKnownFileType = sourcecode.c.objc; path = GMUDefaultClusterRenderer.m; sourceTree = "<group>"; };
		810FC8B3246D646E006326D3 /* GMUDefaultClusterRenderer+Testing.h */ = {isa = PBXFileReference; fileEncoding = 4; lastKnownFileType = sourcecode.c.h; path = "GMUDefaultClusterRenderer+Testing.h"; sourceTree = "<group>"; };
		810FC8B4246D646E006326D3 /* GMUSimpleClusterAlgorithm.h */ = {isa = PBXFileReference; fileEncoding = 4; lastKnownFileType = sourcecode.c.h; path = GMUSimpleClusterAlgorithm.h; sourceTree = "<group>"; };
		810FC8B5246D646E006326D3 /* GMUNonHierarchicalDistanceBasedAlgorithm.m */ = {isa = PBXFileReference; fileEncoding = 4; lastKnownFileType = sourcecode.c.objc; path = GMUNonHierarchicalDistanceBasedAlgorithm.m; sourceTree = "<group>"; };
		810FC8B6246D646E006326D3 /* GMUClusterManager.m */ = {isa = PBXFileReference; fileEncoding = 4; lastKnownFileType = sourcecode.c.objc; path = GMUClusterManager.m; sourceTree = "<group>"; };
		810FC8B7246D646F006326D3 /* GMUSimpleClusterAlgorithm.m */ = {isa = PBXFileReference; fileEncoding = 4; lastKnownFileType = sourcecode.c.objc; path = GMUSimpleClusterAlgorithm.m; sourceTree = "<group>"; };
		810FC8B8246D646F006326D3 /* GQTPointQuadTreeItem.h */ = {isa = PBXFileReference; fileEncoding = 4; lastKnownFileType = sourcecode.c.h; path = GQTPointQuadTreeItem.h; sourceTree = "<group>"; };
		810FC8B9246D646F006326D3 /* GMUWrappingDictionaryKey.h */ = {isa = PBXFileReference; fileEncoding = 4; lastKnownFileType = sourcecode.c.h; path = GMUWrappingDictionaryKey.h; sourceTree = "<group>"; };
		810FC8BA246D646F006326D3 /* GMUClusterItem.h */ = {isa = PBXFileReference; fileEncoding = 4; lastKnownFileType = sourcecode.c.h; path = GMUClusterItem.h; sourceTree = "<group>"; };
		810FC8BB246D646F006326D3 /* GMUDefaultClusterIconGenerator.m */ = {isa = PBXFileReference; fileEncoding = 4; lastKnownFileType = sourcecode.c.objc; path = GMUDefaultClusterIconGenerator.m; sourceTree = "<group>"; };
		810FC8BC246D646F006326D3 /* GQTPointQuadTreeChild.m */ = {isa = PBXFileReference; fileEncoding = 4; lastKnownFileType = sourcecode.c.objc; path = GQTPointQuadTreeChild.m; sourceTree = "<group>"; };
		810FC8BD246D646F006326D3 /* GMUClusterAlgorithm.h */ = {isa = PBXFileReference; fileEncoding = 4; lastKnownFileType = sourcecode.c.h; path = GMUClusterAlgorithm.h; sourceTree = "<group>"; };
		810FC8BE246D6470006326D3 /* GQTPointQuadTree.h */ = {isa = PBXFileReference; fileEncoding = 4; lastKnownFileType = sourcecode.c.h; path = GQTPointQuadTree.h; sourceTree = "<group>"; };
		810FC8BF246D6470006326D3 /* GQTPointQuadTree.m */ = {isa = PBXFileReference; fileEncoding = 4; lastKnownFileType = sourcecode.c.objc; path = GQTPointQuadTree.m; sourceTree = "<group>"; };
		810FC8C0246D6470006326D3 /* GMUGridBasedClusterAlgorithm.m */ = {isa = PBXFileReference; fileEncoding = 4; lastKnownFileType = sourcecode.c.objc; path = GMUGridBasedClusterAlgorithm.m; sourceTree = "<group>"; };
		810FC8C1246D6470006326D3 /* GMUDefaultClusterIconGenerator.h */ = {isa = PBXFileReference; fileEncoding = 4; lastKnownFileType = sourcecode.c.h; path = GMUDefaultClusterIconGenerator.h; sourceTree = "<group>"; };
		810FC8C2246D6470006326D3 /* GMUClusterRenderer.h */ = {isa = PBXFileReference; fileEncoding = 4; lastKnownFileType = sourcecode.c.h; path = GMUClusterRenderer.h; sourceTree = "<group>"; };
		810FC8C3246D6470006326D3 /* GMUClusterManager+Testing.h */ = {isa = PBXFileReference; fileEncoding = 4; lastKnownFileType = sourcecode.c.h; path = "GMUClusterManager+Testing.h"; sourceTree = "<group>"; };
		810FC8C4246D6470006326D3 /* GMUMarkerClustering.h */ = {isa = PBXFileReference; fileEncoding = 4; lastKnownFileType = sourcecode.c.h; path = GMUMarkerClustering.h; sourceTree = "<group>"; };
		810FC8D0246D67BA006326D3 /* MapController.swift */ = {isa = PBXFileReference; lastKnownFileType = sourcecode.swift; path = MapController.swift; sourceTree = "<group>"; };
		810FC8D3246D6999006326D3 /* LocationManager.swift */ = {isa = PBXFileReference; lastKnownFileType = sourcecode.swift; path = LocationManager.swift; sourceTree = "<group>"; };
		810FC8D6246D7A65006326D3 /* RequestManager.swift */ = {isa = PBXFileReference; lastKnownFileType = sourcecode.swift; path = RequestManager.swift; sourceTree = "<group>"; };
		810FC8DC246DD0F5006326D3 /* AddMarkerViewController.swift */ = {isa = PBXFileReference; lastKnownFileType = sourcecode.swift; path = AddMarkerViewController.swift; sourceTree = "<group>"; };
		810FC8DD246DD0F5006326D3 /* AddMarkerViewController.xib */ = {isa = PBXFileReference; lastKnownFileType = file.xib; path = AddMarkerViewController.xib; sourceTree = "<group>"; };
		8173D0FE246D23120093B44A /* Favourite places.app */ = {isa = PBXFileReference; explicitFileType = wrapper.application; includeInIndex = 0; path = "Favourite places.app"; sourceTree = BUILT_PRODUCTS_DIR; };
		8173D101246D23120093B44A /* AppDelegate.swift */ = {isa = PBXFileReference; lastKnownFileType = sourcecode.swift; path = AppDelegate.swift; sourceTree = "<group>"; };
		8173D103246D23120093B44A /* SceneDelegate.swift */ = {isa = PBXFileReference; lastKnownFileType = sourcecode.swift; path = SceneDelegate.swift; sourceTree = "<group>"; };
		8173D105246D23120093B44A /* MapViewController.swift */ = {isa = PBXFileReference; lastKnownFileType = sourcecode.swift; path = MapViewController.swift; sourceTree = "<group>"; };
		8173D108246D23120093B44A /* Base */ = {isa = PBXFileReference; lastKnownFileType = file.storyboard; name = Base; path = Base.lproj/Main.storyboard; sourceTree = "<group>"; };
		8173D10B246D23120093B44A /* Favourite_places.xcdatamodel */ = {isa = PBXFileReference; lastKnownFileType = wrapper.xcdatamodel; path = Favourite_places.xcdatamodel; sourceTree = "<group>"; };
		8173D10D246D23140093B44A /* Assets.xcassets */ = {isa = PBXFileReference; lastKnownFileType = folder.assetcatalog; path = Assets.xcassets; sourceTree = "<group>"; };
		8173D110246D23140093B44A /* Base */ = {isa = PBXFileReference; lastKnownFileType = file.storyboard; name = Base; path = Base.lproj/LaunchScreen.storyboard; sourceTree = "<group>"; };
		8173D112246D23140093B44A /* Info.plist */ = {isa = PBXFileReference; lastKnownFileType = text.plist.xml; path = Info.plist; sourceTree = "<group>"; };
		81955F28246D324100CC1AC2 /* APIKey.swift */ = {isa = PBXFileReference; lastKnownFileType = sourcecode.swift; path = APIKey.swift; sourceTree = "<group>"; };
		81955F2C246D335000CC1AC2 /* PlaceModel.swift */ = {isa = PBXFileReference; lastKnownFileType = sourcecode.swift; path = PlaceModel.swift; sourceTree = "<group>"; };
		81955F2F246D33BB00CC1AC2 /* MapMarker.swift */ = {isa = PBXFileReference; lastKnownFileType = sourcecode.swift; path = MapMarker.swift; sourceTree = "<group>"; };
/* End PBXFileReference section */

/* Begin PBXFrameworksBuildPhase section */
		8173D0FB246D23120093B44A /* Frameworks */ = {
			isa = PBXFrameworksBuildPhase;
			buildActionMask = 2147483647;
			files = (
				7EDAE179439A1FE868E5AAA0 /* Pods_Favourite_places.framework in Frameworks */,
			);
			runOnlyForDeploymentPostprocessing = 0;
		};
/* End PBXFrameworksBuildPhase section */

/* Begin PBXGroup section */
		174300EE9B1AE9222D0D3CFC /* Frameworks */ = {
			isa = PBXGroup;
			children = (
				3668F7689EF9EC6984343543 /* Pods_Favourite_places.framework */,
			);
			name = Frameworks;
			sourceTree = "<group>";
		};
		1AA8722B2474618E005DADDA /* CLLocationCoordinate2D */ = {
			isa = PBXGroup;
			children = (
				1AA8722C247461F3005DADDA /* CLLocationCoordinate2D.swift */,
			);
			path = CLLocationCoordinate2D;
			sourceTree = "<group>";
		};
		65476E77BFC1359B61635E58 /* Pods */ = {
			isa = PBXGroup;
			children = (
				11EB8E783F49B1F7E10852CD /* Pods-Favourite places.debug.xcconfig */,
				40A8F5AB4D17FA1DB442B320 /* Pods-Favourite places.release.xcconfig */,
			);
			path = Pods;
			sourceTree = "<group>";
		};
		810A710F247020750055E5F1 /* CustomTableViewCell */ = {
			isa = PBXGroup;
			children = (
				810A71102470209F0055E5F1 /* CustomTableViewCell.swift */,
				810A71112470209F0055E5F1 /* CustomTableViewCell.xib */,
			);
			path = CustomTableViewCell;
			sourceTree = "<group>";
		};
		810FC8A2246D6421006326D3 /* GoogleMapExtenssion */ = {
			isa = PBXGroup;
			children = (
				810FC8AD246D646D006326D3 /* GMUCluster.h */,
				810FC8BD246D646F006326D3 /* GMUClusterAlgorithm.h */,
				810FC8AB246D646D006326D3 /* GMUClusterIconGenerator.h */,
				810FC8BA246D646F006326D3 /* GMUClusterItem.h */,
				810FC8AA246D646D006326D3 /* GMUClusterManager.h */,
				810FC8B6246D646E006326D3 /* GMUClusterManager.m */,
				810FC8C3246D6470006326D3 /* GMUClusterManager+Testing.h */,
				810FC8C2246D6470006326D3 /* GMUClusterRenderer.h */,
				810FC8C1246D6470006326D3 /* GMUDefaultClusterIconGenerator.h */,
				810FC8BB246D646F006326D3 /* GMUDefaultClusterIconGenerator.m */,
				810FC8B0246D646E006326D3 /* GMUDefaultClusterIconGenerator+Testing.h */,
				810FC8B1246D646E006326D3 /* GMUDefaultClusterRenderer.h */,
				810FC8B2246D646E006326D3 /* GMUDefaultClusterRenderer.m */,
				810FC8B3246D646E006326D3 /* GMUDefaultClusterRenderer+Testing.h */,
				810FC8AC246D646D006326D3 /* GMUGridBasedClusterAlgorithm.h */,
				810FC8C0246D6470006326D3 /* GMUGridBasedClusterAlgorithm.m */,
				810FC8C4246D6470006326D3 /* GMUMarkerClustering.h */,
				810FC8A9246D646D006326D3 /* GMUNonHierarchicalDistanceBasedAlgorithm.h */,
				810FC8B5246D646E006326D3 /* GMUNonHierarchicalDistanceBasedAlgorithm.m */,
				810FC8B4246D646E006326D3 /* GMUSimpleClusterAlgorithm.h */,
				810FC8B7246D646F006326D3 /* GMUSimpleClusterAlgorithm.m */,
				810FC8A5246D646C006326D3 /* GMUStaticCluster.h */,
				810FC8AF246D646E006326D3 /* GMUStaticCluster.m */,
				810FC8B9246D646F006326D3 /* GMUWrappingDictionaryKey.h */,
				810FC8A8246D646C006326D3 /* GMUWrappingDictionaryKey.m */,
				810FC8A7246D646C006326D3 /* GQTBounds.h */,
				810FC8A4246D646C006326D3 /* GQTPoint.h */,
				810FC8BE246D6470006326D3 /* GQTPointQuadTree.h */,
				810FC8BF246D6470006326D3 /* GQTPointQuadTree.m */,
				810FC8AE246D646D006326D3 /* GQTPointQuadTreeChild.h */,
				810FC8BC246D646F006326D3 /* GQTPointQuadTreeChild.m */,
				810FC8B8246D646F006326D3 /* GQTPointQuadTreeItem.h */,
				810FC8A6246D646C006326D3 /* MapGuide-Bridging-Header.h */,
				810FC8A3246D646B006326D3 /* Favourite places-Bridging-Header.h */,
			);
			path = GoogleMapExtenssion;
			sourceTree = "<group>";
		};
		810FC8CF246D6795006326D3 /* MapController */ = {
			isa = PBXGroup;
			children = (
				810FC8D0246D67BA006326D3 /* MapController.swift */,
			);
			path = MapController;
			sourceTree = "<group>";
		};
		810FC8D2246D695D006326D3 /* LocationManager */ = {
			isa = PBXGroup;
			children = (
				810FC8D3246D6999006326D3 /* LocationManager.swift */,
			);
			path = LocationManager;
			sourceTree = "<group>";
		};
		810FC8D5246D7A4D006326D3 /* RequestManager */ = {
			isa = PBXGroup;
			children = (
				810FC8D6246D7A65006326D3 /* RequestManager.swift */,
			);
			path = RequestManager;
			sourceTree = "<group>";
		};
		810FC8D8246DC6D8006326D3 /* Extension */ = {
			isa = PBXGroup;
			children = (
				1AA8722B2474618E005DADDA /* CLLocationCoordinate2D */,
			);
			path = Extension;
			sourceTree = "<group>";
		};
		810FC8DB246DD0DF006326D3 /* AddMarkerViewController */ = {
			isa = PBXGroup;
			children = (
				810FC8DC246DD0F5006326D3 /* AddMarkerViewController.swift */,
				810FC8DD246DD0F5006326D3 /* AddMarkerViewController.xib */,
			);
			path = AddMarkerViewController;
			sourceTree = "<group>";
		};
		8173D0F5246D23120093B44A = {
			isa = PBXGroup;
			children = (
				8173D100246D23120093B44A /* Favourite places */,
				8173D0FF246D23120093B44A /* Products */,
				65476E77BFC1359B61635E58 /* Pods */,
				174300EE9B1AE9222D0D3CFC /* Frameworks */,
			);
			sourceTree = "<group>";
		};
		8173D0FF246D23120093B44A /* Products */ = {
			isa = PBXGroup;
			children = (
				8173D0FE246D23120093B44A /* Favourite places.app */,
			);
			name = Products;
			sourceTree = "<group>";
		};
		8173D100246D23120093B44A /* Favourite places */ = {
			isa = PBXGroup;
			children = (
				81955F26246D322100CC1AC2 /* Constants */,
				810FC8D8246DC6D8006326D3 /* Extension */,
				810FC8D2246D695D006326D3 /* LocationManager */,
				81955F2A246D32EA00CC1AC2 /* Map */,
				810FC8D5246D7A4D006326D3 /* RequestManager */,
				81955F24246D312900CC1AC2 /* ViewControllers */,
				8173D101246D23120093B44A /* AppDelegate.swift */,
				8173D103246D23120093B44A /* SceneDelegate.swift */,
				8173D10D246D23140093B44A /* Assets.xcassets */,
				8173D10F246D23140093B44A /* LaunchScreen.storyboard */,
				8173D112246D23140093B44A /* Info.plist */,
				8173D10A246D23120093B44A /* Favourite_places.xcdatamodeld */,
			);
			path = "Favourite places";
			sourceTree = "<group>";
		};
		81955F24246D312900CC1AC2 /* ViewControllers */ = {
			isa = PBXGroup;
			children = (
				810A710F247020750055E5F1 /* CustomTableViewCell */,
				810FC8DB246DD0DF006326D3 /* AddMarkerViewController */,
				81955F25246D313700CC1AC2 /* MapViewController */,
			);
			path = ViewControllers;
			sourceTree = "<group>";
		};
		81955F25246D313700CC1AC2 /* MapViewController */ = {
			isa = PBXGroup;
			children = (
				8173D105246D23120093B44A /* MapViewController.swift */,
				8173D107246D23120093B44A /* Main.storyboard */,
			);
			path = MapViewController;
			sourceTree = "<group>";
		};
		81955F26246D322100CC1AC2 /* Constants */ = {
			isa = PBXGroup;
			children = (
				81955F27246D322E00CC1AC2 /* APIKey */,
			);
			path = Constants;
			sourceTree = "<group>";
		};
		81955F27246D322E00CC1AC2 /* APIKey */ = {
			isa = PBXGroup;
			children = (
				81955F28246D324100CC1AC2 /* APIKey.swift */,
			);
			path = APIKey;
			sourceTree = "<group>";
		};
		81955F2A246D32EA00CC1AC2 /* Map */ = {
			isa = PBXGroup;
			children = (
				810FC8A2246D6421006326D3 /* GoogleMapExtenssion */,
				810FC8CF246D6795006326D3 /* MapController */,
				81955F2E246D33A700CC1AC2 /* MapMarker */,
				81955F2B246D333E00CC1AC2 /* PlaceModel */,
			);
			path = Map;
			sourceTree = "<group>";
		};
		81955F2B246D333E00CC1AC2 /* PlaceModel */ = {
			isa = PBXGroup;
			children = (
				81955F2C246D335000CC1AC2 /* PlaceModel.swift */,
			);
			path = PlaceModel;
			sourceTree = "<group>";
		};
		81955F2E246D33A700CC1AC2 /* MapMarker */ = {
			isa = PBXGroup;
			children = (
				81955F2F246D33BB00CC1AC2 /* MapMarker.swift */,
			);
			path = MapMarker;
			sourceTree = "<group>";
		};
/* End PBXGroup section */

/* Begin PBXNativeTarget section */
		8173D0FD246D23120093B44A /* Favourite places */ = {
			isa = PBXNativeTarget;
			buildConfigurationList = 8173D115246D23140093B44A /* Build configuration list for PBXNativeTarget "Favourite places" */;
			buildPhases = (
				AB587B682A4B66F9B9A01672 /* [CP] Check Pods Manifest.lock */,
				8173D0FA246D23120093B44A /* Sources */,
				8173D0FB246D23120093B44A /* Frameworks */,
				8173D0FC246D23120093B44A /* Resources */,
				04D97223AFD06233C3423643 /* [CP] Embed Pods Frameworks */,
				DA34E872DF29E803704756A6 /* [CP] Copy Pods Resources */,
			);
			buildRules = (
			);
			dependencies = (
			);
			name = "Favourite places";
			productName = "Favourite places";
			productReference = 8173D0FE246D23120093B44A /* Favourite places.app */;
			productType = "com.apple.product-type.application";
		};
/* End PBXNativeTarget section */

/* Begin PBXProject section */
		8173D0F6246D23120093B44A /* Project object */ = {
			isa = PBXProject;
			attributes = {
				LastSwiftUpdateCheck = 1140;
				LastUpgradeCheck = 1140;
				ORGANIZATIONNAME = triare;
				TargetAttributes = {
					8173D0FD246D23120093B44A = {
						CreatedOnToolsVersion = 11.4.1;
						LastSwiftMigration = 1140;
					};
				};
			};
			buildConfigurationList = 8173D0F9246D23120093B44A /* Build configuration list for PBXProject "Favourite places" */;
			compatibilityVersion = "Xcode 9.3";
			developmentRegion = en;
			hasScannedForEncodings = 0;
			knownRegions = (
				en,
				Base,
			);
			mainGroup = 8173D0F5246D23120093B44A;
			productRefGroup = 8173D0FF246D23120093B44A /* Products */;
			projectDirPath = "";
			projectRoot = "";
			targets = (
				8173D0FD246D23120093B44A /* Favourite places */,
			);
		};
/* End PBXProject section */

/* Begin PBXResourcesBuildPhase section */
		8173D0FC246D23120093B44A /* Resources */ = {
			isa = PBXResourcesBuildPhase;
			buildActionMask = 2147483647;
			files = (
				8173D111246D23140093B44A /* LaunchScreen.storyboard in Resources */,
				8173D10E246D23140093B44A /* Assets.xcassets in Resources */,
				810A71132470209F0055E5F1 /* CustomTableViewCell.xib in Resources */,
				810FC8DF246DD0F5006326D3 /* AddMarkerViewController.xib in Resources */,
				8173D109246D23120093B44A /* Main.storyboard in Resources */,
			);
			runOnlyForDeploymentPostprocessing = 0;
		};
/* End PBXResourcesBuildPhase section */

/* Begin PBXShellScriptBuildPhase section */
		04D97223AFD06233C3423643 /* [CP] Embed Pods Frameworks */ = {
			isa = PBXShellScriptBuildPhase;
			buildActionMask = 2147483647;
			files = (
			);
			inputFileListPaths = (
				"${PODS_ROOT}/Target Support Files/Pods-Favourite places/Pods-Favourite places-frameworks-${CONFIGURATION}-input-files.xcfilelist",
			);
			name = "[CP] Embed Pods Frameworks";
			outputFileListPaths = (
				"${PODS_ROOT}/Target Support Files/Pods-Favourite places/Pods-Favourite places-frameworks-${CONFIGURATION}-output-files.xcfilelist",
			);
			runOnlyForDeploymentPostprocessing = 0;
			shellPath = /bin/sh;
			shellScript = "\"${PODS_ROOT}/Target Support Files/Pods-Favourite places/Pods-Favourite places-frameworks.sh\"\n";
			showEnvVarsInLog = 0;
		};
		AB587B682A4B66F9B9A01672 /* [CP] Check Pods Manifest.lock */ = {
			isa = PBXShellScriptBuildPhase;
			buildActionMask = 2147483647;
			files = (
			);
			inputFileListPaths = (
			);
			inputPaths = (
				"${PODS_PODFILE_DIR_PATH}/Podfile.lock",
				"${PODS_ROOT}/Manifest.lock",
			);
			name = "[CP] Check Pods Manifest.lock";
			outputFileListPaths = (
			);
			outputPaths = (
				"$(DERIVED_FILE_DIR)/Pods-Favourite places-checkManifestLockResult.txt",
			);
			runOnlyForDeploymentPostprocessing = 0;
			shellPath = /bin/sh;
			shellScript = "diff \"${PODS_PODFILE_DIR_PATH}/Podfile.lock\" \"${PODS_ROOT}/Manifest.lock\" > /dev/null\nif [ $? != 0 ] ; then\n    # print error to STDERR\n    echo \"error: The sandbox is not in sync with the Podfile.lock. Run 'pod install' or update your CocoaPods installation.\" >&2\n    exit 1\nfi\n# This output is used by Xcode 'outputs' to avoid re-running this script phase.\necho \"SUCCESS\" > \"${SCRIPT_OUTPUT_FILE_0}\"\n";
			showEnvVarsInLog = 0;
		};
		DA34E872DF29E803704756A6 /* [CP] Copy Pods Resources */ = {
			isa = PBXShellScriptBuildPhase;
			buildActionMask = 2147483647;
			files = (
			);
			inputFileListPaths = (
				"${PODS_ROOT}/Target Support Files/Pods-Favourite places/Pods-Favourite places-resources-${CONFIGURATION}-input-files.xcfilelist",
			);
			name = "[CP] Copy Pods Resources";
			outputFileListPaths = (
				"${PODS_ROOT}/Target Support Files/Pods-Favourite places/Pods-Favourite places-resources-${CONFIGURATION}-output-files.xcfilelist",
			);
			runOnlyForDeploymentPostprocessing = 0;
			shellPath = /bin/sh;
			shellScript = "\"${PODS_ROOT}/Target Support Files/Pods-Favourite places/Pods-Favourite places-resources.sh\"\n";
			showEnvVarsInLog = 0;
		};
/* End PBXShellScriptBuildPhase section */

/* Begin PBXSourcesBuildPhase section */
		8173D0FA246D23120093B44A /* Sources */ = {
			isa = PBXSourcesBuildPhase;
			buildActionMask = 2147483647;
			files = (
				8173D106246D23120093B44A /* MapViewController.swift in Sources */,
				81955F2D246D335000CC1AC2 /* PlaceModel.swift in Sources */,
				8173D10C246D23120093B44A /* Favourite_places.xcdatamodeld in Sources */,
				8173D102246D23120093B44A /* AppDelegate.swift in Sources */,
				810FC8CB246D6470006326D3 /* GMUDefaultClusterIconGenerator.m in Sources */,
				810FC8CC246D6471006326D3 /* GQTPointQuadTreeChild.m in Sources */,
				810FC8C9246D6470006326D3 /* GMUClusterManager.m in Sources */,
				1AA8722D247461F3005DADDA /* CLLocationCoordinate2D.swift in Sources */,
				810FC8C6246D6470006326D3 /* GMUStaticCluster.m in Sources */,
				81955F30246D33BB00CC1AC2 /* MapMarker.swift in Sources */,
				810FC8C5246D6470006326D3 /* GMUWrappingDictionaryKey.m in Sources */,
				8173D104246D23120093B44A /* SceneDelegate.swift in Sources */,
				810FC8DE246DD0F5006326D3 /* AddMarkerViewController.swift in Sources */,
				810FC8CA246D6470006326D3 /* GMUSimpleClusterAlgorithm.m in Sources */,
				81955F29246D324100CC1AC2 /* APIKey.swift in Sources */,
				810FC8C7246D6470006326D3 /* GMUDefaultClusterRenderer.m in Sources */,
				810FC8CD246D6471006326D3 /* GQTPointQuadTree.m in Sources */,
				810A71122470209F0055E5F1 /* CustomTableViewCell.swift in Sources */,
				810FC8D7246D7A65006326D3 /* RequestManager.swift in Sources */,
				810FC8CE246D6471006326D3 /* GMUGridBasedClusterAlgorithm.m in Sources */,
				810FC8D1246D67BA006326D3 /* MapController.swift in Sources */,
				810FC8D4246D6999006326D3 /* LocationManager.swift in Sources */,
				810FC8C8246D6470006326D3 /* GMUNonHierarchicalDistanceBasedAlgorithm.m in Sources */,
			);
			runOnlyForDeploymentPostprocessing = 0;
		};
/* End PBXSourcesBuildPhase section */

/* Begin PBXVariantGroup section */
		8173D107246D23120093B44A /* Main.storyboard */ = {
			isa = PBXVariantGroup;
			children = (
				8173D108246D23120093B44A /* Base */,
			);
			name = Main.storyboard;
			sourceTree = "<group>";
		};
		8173D10F246D23140093B44A /* LaunchScreen.storyboard */ = {
			isa = PBXVariantGroup;
			children = (
				8173D110246D23140093B44A /* Base */,
			);
			name = LaunchScreen.storyboard;
			sourceTree = "<group>";
		};
/* End PBXVariantGroup section */

/* Begin XCBuildConfiguration section */
		8173D113246D23140093B44A /* Debug */ = {
			isa = XCBuildConfiguration;
			buildSettings = {
				ALWAYS_SEARCH_USER_PATHS = NO;
				CLANG_ANALYZER_NONNULL = YES;
				CLANG_ANALYZER_NUMBER_OBJECT_CONVERSION = YES_AGGRESSIVE;
				CLANG_CXX_LANGUAGE_STANDARD = "gnu++14";
				CLANG_CXX_LIBRARY = "libc++";
				CLANG_ENABLE_MODULES = YES;
				CLANG_ENABLE_OBJC_ARC = YES;
				CLANG_ENABLE_OBJC_WEAK = YES;
				CLANG_WARN_BLOCK_CAPTURE_AUTORELEASING = YES;
				CLANG_WARN_BOOL_CONVERSION = YES;
				CLANG_WARN_COMMA = YES;
				CLANG_WARN_CONSTANT_CONVERSION = YES;
				CLANG_WARN_DEPRECATED_OBJC_IMPLEMENTATIONS = YES;
				CLANG_WARN_DIRECT_OBJC_ISA_USAGE = YES_ERROR;
				CLANG_WARN_DOCUMENTATION_COMMENTS = YES;
				CLANG_WARN_EMPTY_BODY = YES;
				CLANG_WARN_ENUM_CONVERSION = YES;
				CLANG_WARN_INFINITE_RECURSION = YES;
				CLANG_WARN_INT_CONVERSION = YES;
				CLANG_WARN_NON_LITERAL_NULL_CONVERSION = YES;
				CLANG_WARN_OBJC_IMPLICIT_RETAIN_SELF = YES;
				CLANG_WARN_OBJC_LITERAL_CONVERSION = YES;
				CLANG_WARN_OBJC_ROOT_CLASS = YES_ERROR;
				CLANG_WARN_RANGE_LOOP_ANALYSIS = YES;
				CLANG_WARN_STRICT_PROTOTYPES = YES;
				CLANG_WARN_SUSPICIOUS_MOVE = YES;
				CLANG_WARN_UNGUARDED_AVAILABILITY = YES_AGGRESSIVE;
				CLANG_WARN_UNREACHABLE_CODE = YES;
				CLANG_WARN__DUPLICATE_METHOD_MATCH = YES;
				COPY_PHASE_STRIP = NO;
				DEBUG_INFORMATION_FORMAT = dwarf;
				ENABLE_STRICT_OBJC_MSGSEND = YES;
				ENABLE_TESTABILITY = YES;
				GCC_C_LANGUAGE_STANDARD = gnu11;
				GCC_DYNAMIC_NO_PIC = NO;
				GCC_NO_COMMON_BLOCKS = YES;
				GCC_OPTIMIZATION_LEVEL = 0;
				GCC_PREPROCESSOR_DEFINITIONS = (
					"DEBUG=1",
					"$(inherited)",
				);
				GCC_WARN_64_TO_32_BIT_CONVERSION = YES;
				GCC_WARN_ABOUT_RETURN_TYPE = YES_ERROR;
				GCC_WARN_UNDECLARED_SELECTOR = YES;
				GCC_WARN_UNINITIALIZED_AUTOS = YES_AGGRESSIVE;
				GCC_WARN_UNUSED_FUNCTION = YES;
				GCC_WARN_UNUSED_VARIABLE = YES;
				IPHONEOS_DEPLOYMENT_TARGET = 13.4;
				MTL_ENABLE_DEBUG_INFO = INCLUDE_SOURCE;
				MTL_FAST_MATH = YES;
				ONLY_ACTIVE_ARCH = YES;
				SDKROOT = iphoneos;
				SWIFT_ACTIVE_COMPILATION_CONDITIONS = DEBUG;
				SWIFT_OPTIMIZATION_LEVEL = "-Onone";
			};
			name = Debug;
		};
		8173D114246D23140093B44A /* Release */ = {
			isa = XCBuildConfiguration;
			buildSettings = {
				ALWAYS_SEARCH_USER_PATHS = NO;
				CLANG_ANALYZER_NONNULL = YES;
				CLANG_ANALYZER_NUMBER_OBJECT_CONVERSION = YES_AGGRESSIVE;
				CLANG_CXX_LANGUAGE_STANDARD = "gnu++14";
				CLANG_CXX_LIBRARY = "libc++";
				CLANG_ENABLE_MODULES = YES;
				CLANG_ENABLE_OBJC_ARC = YES;
				CLANG_ENABLE_OBJC_WEAK = YES;
				CLANG_WARN_BLOCK_CAPTURE_AUTORELEASING = YES;
				CLANG_WARN_BOOL_CONVERSION = YES;
				CLANG_WARN_COMMA = YES;
				CLANG_WARN_CONSTANT_CONVERSION = YES;
				CLANG_WARN_DEPRECATED_OBJC_IMPLEMENTATIONS = YES;
				CLANG_WARN_DIRECT_OBJC_ISA_USAGE = YES_ERROR;
				CLANG_WARN_DOCUMENTATION_COMMENTS = YES;
				CLANG_WARN_EMPTY_BODY = YES;
				CLANG_WARN_ENUM_CONVERSION = YES;
				CLANG_WARN_INFINITE_RECURSION = YES;
				CLANG_WARN_INT_CONVERSION = YES;
				CLANG_WARN_NON_LITERAL_NULL_CONVERSION = YES;
				CLANG_WARN_OBJC_IMPLICIT_RETAIN_SELF = YES;
				CLANG_WARN_OBJC_LITERAL_CONVERSION = YES;
				CLANG_WARN_OBJC_ROOT_CLASS = YES_ERROR;
				CLANG_WARN_RANGE_LOOP_ANALYSIS = YES;
				CLANG_WARN_STRICT_PROTOTYPES = YES;
				CLANG_WARN_SUSPICIOUS_MOVE = YES;
				CLANG_WARN_UNGUARDED_AVAILABILITY = YES_AGGRESSIVE;
				CLANG_WARN_UNREACHABLE_CODE = YES;
				CLANG_WARN__DUPLICATE_METHOD_MATCH = YES;
				COPY_PHASE_STRIP = NO;
				DEBUG_INFORMATION_FORMAT = "dwarf-with-dsym";
				ENABLE_NS_ASSERTIONS = NO;
				ENABLE_STRICT_OBJC_MSGSEND = YES;
				GCC_C_LANGUAGE_STANDARD = gnu11;
				GCC_NO_COMMON_BLOCKS = YES;
				GCC_WARN_64_TO_32_BIT_CONVERSION = YES;
				GCC_WARN_ABOUT_RETURN_TYPE = YES_ERROR;
				GCC_WARN_UNDECLARED_SELECTOR = YES;
				GCC_WARN_UNINITIALIZED_AUTOS = YES_AGGRESSIVE;
				GCC_WARN_UNUSED_FUNCTION = YES;
				GCC_WARN_UNUSED_VARIABLE = YES;
				IPHONEOS_DEPLOYMENT_TARGET = 13.4;
				MTL_ENABLE_DEBUG_INFO = NO;
				MTL_FAST_MATH = YES;
				SDKROOT = iphoneos;
				SWIFT_COMPILATION_MODE = wholemodule;
				SWIFT_OPTIMIZATION_LEVEL = "-O";
				VALIDATE_PRODUCT = YES;
			};
			name = Release;
		};
		8173D116246D23140093B44A /* Debug */ = {
			isa = XCBuildConfiguration;
			baseConfigurationReference = 11EB8E783F49B1F7E10852CD /* Pods-Favourite places.debug.xcconfig */;
			buildSettings = {
				ASSETCATALOG_COMPILER_APPICON_NAME = AppIcon;
				CLANG_ENABLE_MODULES = YES;
				CODE_SIGN_STYLE = Automatic;
				DEVELOPMENT_TEAM = DCY898TRP5;
				INFOPLIST_FILE = "Favourite places/Info.plist";
				LD_RUNPATH_SEARCH_PATHS = (
					"$(inherited)",
					"@executable_path/Frameworks",
				);
				PRODUCT_BUNDLE_IDENTIFIER = "com.triare.Favourite-places";
				PRODUCT_NAME = "$(TARGET_NAME)";
				SWIFT_OBJC_BRIDGING_HEADER = "Favourite places/Map/GoogleMapExtenssion/Favourite places-Bridging-Header.h";
				SWIFT_OPTIMIZATION_LEVEL = "-Onone";
				SWIFT_VERSION = 5.0;
				TARGETED_DEVICE_FAMILY = "1,2";
			};
			name = Debug;
		};
		8173D117246D23140093B44A /* Release */ = {
			isa = XCBuildConfiguration;
			baseConfigurationReference = 40A8F5AB4D17FA1DB442B320 /* Pods-Favourite places.release.xcconfig */;
			buildSettings = {
				ASSETCATALOG_COMPILER_APPICON_NAME = AppIcon;
				CLANG_ENABLE_MODULES = YES;
				CODE_SIGN_STYLE = Automatic;
				DEVELOPMENT_TEAM = DCY898TRP5;
				INFOPLIST_FILE = "Favourite places/Info.plist";
				LD_RUNPATH_SEARCH_PATHS = (
					"$(inherited)",
					"@executable_path/Frameworks",
				);
				PRODUCT_BUNDLE_IDENTIFIER = "com.triare.Favourite-places";
				PRODUCT_NAME = "$(TARGET_NAME)";
				SWIFT_OBJC_BRIDGING_HEADER = "Favourite places/Map/GoogleMapExtenssion/Favourite places-Bridging-Header.h";
				SWIFT_VERSION = 5.0;
				TARGETED_DEVICE_FAMILY = "1,2";
			};
			name = Release;
		};
/* End XCBuildConfiguration section */

/* Begin XCConfigurationList section */
		8173D0F9246D23120093B44A /* Build configuration list for PBXProject "Favourite places" */ = {
			isa = XCConfigurationList;
			buildConfigurations = (
				8173D113246D23140093B44A /* Debug */,
				8173D114246D23140093B44A /* Release */,
			);
			defaultConfigurationIsVisible = 0;
			defaultConfigurationName = Release;
		};
		8173D115246D23140093B44A /* Build configuration list for PBXNativeTarget "Favourite places" */ = {
			isa = XCConfigurationList;
			buildConfigurations = (
				8173D116246D23140093B44A /* Debug */,
				8173D117246D23140093B44A /* Release */,
			);
			defaultConfigurationIsVisible = 0;
			defaultConfigurationName = Release;
		};
/* End XCConfigurationList section */

/* Begin XCVersionGroup section */
		8173D10A246D23120093B44A /* Favourite_places.xcdatamodeld */ = {
			isa = XCVersionGroup;
			children = (
				8173D10B246D23120093B44A /* Favourite_places.xcdatamodel */,
			);
			currentVersion = 8173D10B246D23120093B44A /* Favourite_places.xcdatamodel */;
			path = Favourite_places.xcdatamodeld;
			sourceTree = "<group>";
			versionGroupType = wrapper.xcdatamodel;
		};
/* End XCVersionGroup section */
	};
	rootObject = 8173D0F6246D23120093B44A /* Project object */;
}
